# THIS IS AN AUTOGENERATED FILE. DO NOT EDIT THIS FILE DIRECTLY.
# yarn lockfile v1


"@pdf-lib/standard-fonts@^0.0.4":
  version "0.0.4"
  resolved "https://registry.yarnpkg.com/@pdf-lib/standard-fonts/-/standard-fonts-0.0.4.tgz#49fffa97fe1a5fff9b8b60fd9decf79b10bd0982"
  integrity sha512-2pg8hXnChVAF6aSFraXtwB0cx/AgE15FvuLJbdPJSq9LYp1xMp0lapH4+t1HsdD9cA05rnWYLqlEBwS4YK1jLg==
  dependencies:
    base64-arraybuffer "^0.1.5"
    pako "^1.0.6"

base64-arraybuffer@^0.1.5:
  version "0.1.5"
  resolved "https://registry.yarnpkg.com/base64-arraybuffer/-/base64-arraybuffer-0.1.5.tgz#73926771923b5a19747ad666aa5cd4bf9c6e9ce8"
  integrity sha1-c5JncZI7Whl0etZmqlzUv5xunOg=

pako@^1.0.10, pako@^1.0.6:
  version "1.0.10"
  resolved "https://registry.yarnpkg.com/pako/-/pako-1.0.10.tgz#4328badb5086a426aa90f541977d4955da5c9732"
  integrity sha512-0DTvPVU3ed8+HNXOu5Bs+o//Mbdj9VNQMUOe9oKCwh8l0GNwpTDMKCWbRjgtD291AWnkAgkqA/LOnQS8AmS1tw==

pdf-lib@^1.3.1:
  version "1.3.1"
  resolved "https://registry.yarnpkg.com/pdf-lib/-/pdf-lib-1.3.1.tgz#03189496fc427b7f508c2ae2e5b28492a2ce783f"
  integrity sha512-pP2qW/GH328C4idPbYbY4o0deStG62w7IpUlGv8liYBB+XOa2ntVdPZa8Q5p0eP1av3gtP6NYOSGk0NKC/xN8w==
  dependencies:
    "@pdf-lib/standard-fonts" "^0.0.4"
    pako "^1.0.10"
    png-ts "^0.0.3"
    tslib "^1.10.0"

png-ts@^0.0.3:
  version "0.0.3"
  resolved "https://registry.yarnpkg.com/png-ts/-/png-ts-0.0.3.tgz#497fa90f13b9a2cdcd5a457cb1c28ab3c68ec145"
  integrity sha512-Qwn3yMfbrbaN86QjrDAqD1UVJc4AV4hvBCx5Dv9libLd6D20xKtgOFs/UcvD0nnjxWlgS12kEVWCDFd9ZtwB+g==
  dependencies:
    pako "^1.0.6"

tslib@^1.10.0:
  version "1.10.0"
  resolved "https://registry.yarnpkg.com/tslib/-/tslib-1.10.0.tgz#c3c19f95973fb0a62973fb09d90d961ee43e5c8a"
  integrity sha512-qOebF53frne81cf0S9B41ByenJ3/IuH8yJKngAX35CmiZySA0khhkovshKK+jGCaMnVomla7gVlIcc3EvKPbTQ==
